
Microsoft Visual Studio Solution File, Format Version 12.00
# Visual Studio 15
VisualStudioVersion = 15.0.26730.3
MinimumVisualStudioVersion = 10.0.40219.1
Project("{FAE04EC0-301F-11D3-BF4B-00C04F79EFBC}") = "MvvmLightDemo", "MvvmLightDemo\MvvmLightDemo.csproj", "{12C9351E-7A27-48F4-BDD4-C085617195DF}"
EndProject
Global
	GlobalSection(SolutionConfigurationPlatforms) = preSolution
		Debug|ARM = Debug|ARM
		Debug|x64 = Debug|x64
		Debug|x86 = Debug|x86
		Release|ARM = Release|ARM
		Release|x64 = Release|x64
		Release|x86 = Release|x86
	EndGlobalSection
	GlobalSection(ProjectConfigurationPlatforms) = postSolution
		{12C9351E-7A27-48F4-BDD4-C085617195DF}.Debug|ARM.ActiveCfg = Debug|ARM
		{12C9351E-7A27-48F4-BDD4-C085617195DF}.Debug|ARM.Build.0 = Debug|ARM
		{12C9351E-7A27-48F4-BDD4-C085617195DF}.Debug|ARM.Deploy.0 = Debug|ARM
		{12C9351E-7A27-48F4-BDD4-C085617195DF}.Debug|x64.ActiveCfg = Debug|x64
		{12C9351E-7A27-48F4-BDD4-C085617195DF}.Debug|x64.Build.0 = Debug|x64
		{12C9351E-7A27-48F4-BDD4-C085617195DF}.Debug|x64.Deploy.0 = Debug|x64
		{12C9351E-7A27-48F4-BDD4-C085617195DF}.Debug|x86.ActiveCfg = Debug|x86
		{12C9351E-7A27-48F4-BDD4-C085617195DF}.Debug|x86.Build.0 = Debug|x86
		{12C9351E-7A27-48F4-BDD4-C085617195DF}.Debug|x86.Deploy.0 = Debug|x86
		{12C9351E-7A27-48F4-BDD4-C085617195DF}.Release|ARM.ActiveCfg = Release|ARM
		{12C9351E-7A27-48F4-BDD4-C085617195DF}.Release|ARM.Build.0 = Release|ARM
		{12C9351E-7A27-48F4-BDD4-C085617195DF}.Release|ARM.Deploy.0 = Release|ARM
		{12C9351E-7A27-48F4-BDD4-C085617195DF}.Release|x64.ActiveCfg = Release|x64
		{12C9351E-7A27-48F4-BDD4-C085617195DF}.Release|x64.Build.0 = Release|x64
		{12C9351E-7A27-48F4-BDD4-C085617195DF}.Release|x64.Deploy.0 = Release|x64
		{12C9351E-7A27-48F4-BDD4-C085617195DF}.Release|x86.ActiveCfg = Release|x86
		{12C9351E-7A27-48F4-BDD4-C085617195DF}.Release|x86.Build.0 = Release|x86
		{12C9351E-7A27-48F4-BDD4-C085617195DF}.Release|x86.Deploy.0 = Release|x86
	EndGlobalSection
	GlobalSection(SolutionProperties) = preSolution
		HideSolutionNode = FALSE
	EndGlobalSection
	GlobalSection(ExtensibilityGlobals) = postSolution
		SolutionGuid = {201DE18C-0A8D-42AB-BB81-674ED8739756}
	EndGlobalSection
EndGlobal
