
Microsoft Visual Studio Solution File, Format Version 12.00
# Visual Studio 15
VisualStudioVersion = 15.0.26730.3
MinimumVisualStudioVersion = 10.0.40219.1
Project("{FAE04EC0-301F-11D3-BF4B-00C04F79EFBC}") = "MvvmBaseDemo", "MvvmBaseDemo\MvvmBaseDemo.csproj", "{A424A0D1-9D58-4752-BD3C-069C1C13EC69}"
EndProject
Global
	GlobalSection(SolutionConfigurationPlatforms) = preSolution
		Debug|ARM = Debug|ARM
		Debug|x64 = Debug|x64
		Debug|x86 = Debug|x86
		Release|ARM = Release|ARM
		Release|x64 = Release|x64
		Release|x86 = Release|x86
	EndGlobalSection
	GlobalSection(ProjectConfigurationPlatforms) = postSolution
		{A424A0D1-9D58-4752-BD3C-069C1C13EC69}.Debug|ARM.ActiveCfg = Debug|ARM
		{A424A0D1-9D58-4752-BD3C-069C1C13EC69}.Debug|ARM.Build.0 = Debug|ARM
		{A424A0D1-9D58-4752-BD3C-069C1C13EC69}.Debug|ARM.Deploy.0 = Debug|ARM
		{A424A0D1-9D58-4752-BD3C-069C1C13EC69}.Debug|x64.ActiveCfg = Debug|x64
		{A424A0D1-9D58-4752-BD3C-069C1C13EC69}.Debug|x64.Build.0 = Debug|x64
		{A424A0D1-9D58-4752-BD3C-069C1C13EC69}.Debug|x64.Deploy.0 = Debug|x64
		{A424A0D1-9D58-4752-BD3C-069C1C13EC69}.Debug|x86.ActiveCfg = Debug|x86
		{A424A0D1-9D58-4752-BD3C-069C1C13EC69}.Debug|x86.Build.0 = Debug|x86
		{A424A0D1-9D58-4752-BD3C-069C1C13EC69}.Debug|x86.Deploy.0 = Debug|x86
		{A424A0D1-9D58-4752-BD3C-069C1C13EC69}.Release|ARM.ActiveCfg = Release|ARM
		{A424A0D1-9D58-4752-BD3C-069C1C13EC69}.Release|ARM.Build.0 = Release|ARM
		{A424A0D1-9D58-4752-BD3C-069C1C13EC69}.Release|ARM.Deploy.0 = Release|ARM
		{A424A0D1-9D58-4752-BD3C-069C1C13EC69}.Release|x64.ActiveCfg = Release|x64
		{A424A0D1-9D58-4752-BD3C-069C1C13EC69}.Release|x64.Build.0 = Release|x64
		{A424A0D1-9D58-4752-BD3C-069C1C13EC69}.Release|x64.Deploy.0 = Release|x64
		{A424A0D1-9D58-4752-BD3C-069C1C13EC69}.Release|x86.ActiveCfg = Release|x86
		{A424A0D1-9D58-4752-BD3C-069C1C13EC69}.Release|x86.Build.0 = Release|x86
		{A424A0D1-9D58-4752-BD3C-069C1C13EC69}.Release|x86.Deploy.0 = Release|x86
	EndGlobalSection
	GlobalSection(SolutionProperties) = preSolution
		HideSolutionNode = FALSE
	EndGlobalSection
	GlobalSection(ExtensibilityGlobals) = postSolution
		SolutionGuid = {FED381C5-4735-4B8A-B874-63E0297F64BD}
	EndGlobalSection
EndGlobal
